// !$*UTF8*$!
{
	archiveVersion = 1;
	classes = {
	};
	objectVersion = 48;
	objects = {

/* Begin PBXBuildFile section */
		48021CA520AAD2380005B15A /* ConsultantVC.swift in Sources */ = {isa = PBXBuildFile; fileRef = 48021CA420AAD2380005B15A /* ConsultantVC.swift */; };
		48021CA720AAE0D10005B15A /* RoundView.swift in Sources */ = {isa = PBXBuildFile; fileRef = 48021CA620AAE0D10005B15A /* RoundView.swift */; };
		4808D2B820B6D45C00C15D24 /* Consult2VC.swift in Sources */ = {isa = PBXBuildFile; fileRef = 4808D2B720B6D45C00C15D24 /* Consult2VC.swift */; };
		4808D2BA20B6DD0700C15D24 /* Consult3VC.swift in Sources */ = {isa = PBXBuildFile; fileRef = 4808D2B920B6DD0700C15D24 /* Consult3VC.swift */; };
		4808D2BC20B6DD3E00C15D24 /* Consult4VC.swift in Sources */ = {isa = PBXBuildFile; fileRef = 4808D2BB20B6DD3E00C15D24 /* Consult4VC.swift */; };
		4808D2BE20B6E0F200C15D24 /* Consult5VC.swift in Sources */ = {isa = PBXBuildFile; fileRef = 4808D2BD20B6E0F200C15D24 /* Consult5VC.swift */; };
		4808D2C020B7B99600C15D24 /* CasesVC.swift in Sources */ = {isa = PBXBuildFile; fileRef = 4808D2BF20B7B99600C15D24 /* CasesVC.swift */; };
		4808D2C220B7D30100C15D24 /* secondcustomcell.swift in Sources */ = {isa = PBXBuildFile; fileRef = 4808D2C120B7D30100C15D24 /* secondcustomcell.swift */; };
		4808D2C420B7FBB200C15D24 /* AnswerVC.swift in Sources */ = {isa = PBXBuildFile; fileRef = 4808D2C320B7FBB200C15D24 /* AnswerVC.swift */; };
		4810554220955AEA00967B36 /* QuestionVC.swift in Sources */ = {isa = PBXBuildFile; fileRef = 4810554120955AEA00967B36 /* QuestionVC.swift */; };
		481055442096B0B300967B36 /* ActualVC.swift in Sources */ = {isa = PBXBuildFile; fileRef = 481055432096B0B300967B36 /* ActualVC.swift */; };
		4829C51F2071D3CD007C29E6 /* AppDelegate.swift in Sources */ = {isa = PBXBuildFile; fileRef = 4829C51E2071D3CD007C29E6 /* AppDelegate.swift */; };
		4829C5212071D3CD007C29E6 /* SignInVC.swift in Sources */ = {isa = PBXBuildFile; fileRef = 4829C5202071D3CD007C29E6 /* SignInVC.swift */; };
		4829C5242071D3CD007C29E6 /* Main.storyboard in Resources */ = {isa = PBXBuildFile; fileRef = 4829C5222071D3CD007C29E6 /* Main.storyboard */; };
		4829C5262071D3CD007C29E6 /* Assets.xcassets in Resources */ = {isa = PBXBuildFile; fileRef = 4829C5252071D3CD007C29E6 /* Assets.xcassets */; };
		4829C5292071D3CD007C29E6 /* LaunchScreen.storyboard in Resources */ = {isa = PBXBuildFile; fileRef = 4829C5272071D3CD007C29E6 /* LaunchScreen.storyboard */; };
		482C56D52075FE7400ABDB41 /* SignUpVC.swift in Sources */ = {isa = PBXBuildFile; fileRef = 482C56D42075FE7400ABDB41 /* SignUpVC.swift */; };
		482E82E820C7582E00F1FD4A /* LtemVC.swift in Sources */ = {isa = PBXBuildFile; fileRef = 482E82E720C7582E00F1FD4A /* LtemVC.swift */; };
		484A3ABC209B4E1000818752 /* CatVC.swift in Sources */ = {isa = PBXBuildFile; fileRef = 484A3ABB209B4E1000818752 /* CatVC.swift */; };
		485DCBB320ABCC5200DE0DB0 /* Question.swift in Sources */ = {isa = PBXBuildFile; fileRef = 485DCBB220ABCC5200DE0DB0 /* Question.swift */; };
		485DCBB520AC2F0B00DE0DB0 /* TemoVC.swift in Sources */ = {isa = PBXBuildFile; fileRef = 485DCBB420AC2F0B00DE0DB0 /* TemoVC.swift */; };
		485DCBC620ACE2C600DE0DB0 /* CosmosDefaultSettings.swift in Sources */ = {isa = PBXBuildFile; fileRef = 485DCBB620ACE2C200DE0DB0 /* CosmosDefaultSettings.swift */; };
		485DCBC720ACE2C600DE0DB0 /* RightToLeft.swift in Sources */ = {isa = PBXBuildFile; fileRef = 485DCBB720ACE2C200DE0DB0 /* RightToLeft.swift */; };
		485DCBC820ACE2C600DE0DB0 /* CosmosSettings.swift in Sources */ = {isa = PBXBuildFile; fileRef = 485DCBB820ACE2C200DE0DB0 /* CosmosSettings.swift */; };
		485DCBC920ACE2C600DE0DB0 /* CosmosView.swift in Sources */ = {isa = PBXBuildFile; fileRef = 485DCBB920ACE2C300DE0DB0 /* CosmosView.swift */; };
		485DCBCA20ACE2C600DE0DB0 /* CosmosSize.swift in Sources */ = {isa = PBXBuildFile; fileRef = 485DCBBA20ACE2C300DE0DB0 /* CosmosSize.swift */; };
		485DCBCB20ACE2C600DE0DB0 /* CosmosText.swift in Sources */ = {isa = PBXBuildFile; fileRef = 485DCBBB20ACE2C300DE0DB0 /* CosmosText.swift */; };
		485DCBCC20ACE2C600DE0DB0 /* CosmosTouch.swift in Sources */ = {isa = PBXBuildFile; fileRef = 485DCBBD20ACE2C400DE0DB0 /* CosmosTouch.swift */; };
		485DCBCD20ACE2C600DE0DB0 /* CosmosLayers.swift in Sources */ = {isa = PBXBuildFile; fileRef = 485DCBBE20ACE2C400DE0DB0 /* CosmosLayers.swift */; };
		485DCBCE20ACE2C600DE0DB0 /* CosmosAccessibility.swift in Sources */ = {isa = PBXBuildFile; fileRef = 485DCBBF20ACE2C400DE0DB0 /* CosmosAccessibility.swift */; };
		485DCBCF20ACE2C600DE0DB0 /* CosmosRating.swift in Sources */ = {isa = PBXBuildFile; fileRef = 485DCBC020ACE2C500DE0DB0 /* CosmosRating.swift */; };
		485DCBD020ACE2C600DE0DB0 /* CosmosLocalizedRating.swift in Sources */ = {isa = PBXBuildFile; fileRef = 485DCBC120ACE2C500DE0DB0 /* CosmosLocalizedRating.swift */; };
		485DCBD120ACE2C600DE0DB0 /* StarLayer.swift in Sources */ = {isa = PBXBuildFile; fileRef = 485DCBC220ACE2C500DE0DB0 /* StarLayer.swift */; };
		485DCBD220ACE2C700DE0DB0 /* CosmosLayerHelper.swift in Sources */ = {isa = PBXBuildFile; fileRef = 485DCBC320ACE2C500DE0DB0 /* CosmosLayerHelper.swift */; };
		485DCBD320ACE2C700DE0DB0 /* CosmosTouchTarget.swift in Sources */ = {isa = PBXBuildFile; fileRef = 485DCBC420ACE2C600DE0DB0 /* CosmosTouchTarget.swift */; };
		485DCBD420ACE2C700DE0DB0 /* StarFillMode.swift in Sources */ = {isa = PBXBuildFile; fileRef = 485DCBC520ACE2C600DE0DB0 /* StarFillMode.swift */; };
		485DCBD620AED42100DE0DB0 /* ConsultVC.swift in Sources */ = {isa = PBXBuildFile; fileRef = 485DCBD520AED42100DE0DB0 /* ConsultVC.swift */; };
		485DCBD820AEEE6F00DE0DB0 /* VemoVC.swift in Sources */ = {isa = PBXBuildFile; fileRef = 485DCBD720AEEE6F00DE0DB0 /* VemoVC.swift */; };
		485DCBDA20AF534100DE0DB0 /* customCell.swift in Sources */ = {isa = PBXBuildFile; fileRef = 485DCBD920AF534100DE0DB0 /* customCell.swift */; };
		485DCBDC20AF5E2900DE0DB0 /* SubcaseVC.swift in Sources */ = {isa = PBXBuildFile; fileRef = 485DCBDB20AF5E2900DE0DB0 /* SubcaseVC.swift */; };
		485DCBDE20AF61FB00DE0DB0 /* RatingVC.swift in Sources */ = {isa = PBXBuildFile; fileRef = 485DCBDD20AF61FB00DE0DB0 /* RatingVC.swift */; };
		4872450F20FCCB7F00F2F43B /* FedVC.swift in Sources */ = {isa = PBXBuildFile; fileRef = 4872450E20FCCB7F00F2F43B /* FedVC.swift */; };
		48819C6220DD487100648FB6 /* GoogleService-Info.plist in Resources */ = {isa = PBXBuildFile; fileRef = 48819C6120DD487000648FB6 /* GoogleService-Info.plist */; };
		48819C6520E8E9AC00648FB6 /* FinalVC.swift in Sources */ = {isa = PBXBuildFile; fileRef = 48819C6420E8E9AC00648FB6 /* FinalVC.swift */; };
		4885E71620D2136500BD243A /* PoverVC.swift in Sources */ = {isa = PBXBuildFile; fileRef = 4885E71520D2136500BD243A /* PoverVC.swift */; };
		489CD7EE20D18A36004BDAAB /* MtemVC.swift in Sources */ = {isa = PBXBuildFile; fileRef = 489CD7ED20D18A36004BDAAB /* MtemVC.swift */; };
		48A8D52D20A919D100722628 /* RoundTextField.swift in Sources */ = {isa = PBXBuildFile; fileRef = 48A8D52C20A919D100722628 /* RoundTextField.swift */; };
		48A8D52F20A93BC000722628 /* TermsVC.swift in Sources */ = {isa = PBXBuildFile; fileRef = 48A8D52E20A93BC000722628 /* TermsVC.swift */; };
		48EC6CF82089833F00874A96 /* FeedVC.swift in Sources */ = {isa = PBXBuildFile; fileRef = 48EC6CF72089833F00874A96 /* FeedVC.swift */; };
		56CBAC7048965D09557297A7 /* Pods_Xevo.framework in Frameworks */ = {isa = PBXBuildFile; fileRef = 94F377391D7BE633DDBEE615 /* Pods_Xevo.framework */; };
		FF212C3920D0A8FF000C57C5 /* QuestionViewVC.swift in Sources */ = {isa = PBXBuildFile; fileRef = FF212C3820D0A8FF000C57C5 /* QuestionViewVC.swift */; };
		FF756AA520C6EA8B00E093EC /* RatingCompleteVC.swift in Sources */ = {isa = PBXBuildFile; fileRef = FF756AA420C6EA8B00E093EC /* RatingCompleteVC.swift */; };
		FFB7EE7220CEC76100F86DFB /* ConsultCasesVC.swift in Sources */ = {isa = PBXBuildFile; fileRef = FFB7EE7120CEC76100F86DFB /* ConsultCasesVC.swift */; };
		FFB7EE7420CEF33F00F86DFB /* thirdcustomcell.swift in Sources */ = {isa = PBXBuildFile; fileRef = FFB7EE7320CEF33F00F86DFB /* thirdcustomcell.swift */; };
/* End PBXBuildFile section */

/* Begin PBXFileReference section */
		48021CA420AAD2380005B15A /* ConsultantVC.swift */ = {isa = PBXFileReference; lastKnownFileType = sourcecode.swift; path = ConsultantVC.swift; sourceTree = "<group>"; };
		48021CA620AAE0D10005B15A /* RoundView.swift */ = {isa = PBXFileReference; lastKnownFileType = sourcecode.swift; path = RoundView.swift; sourceTree = "<group>"; };
		4808D2B720B6D45C00C15D24 /* Consult2VC.swift */ = {isa = PBXFileReference; lastKnownFileType = sourcecode.swift; path = Consult2VC.swift; sourceTree = "<group>"; };
		4808D2B920B6DD0700C15D24 /* Consult3VC.swift */ = {isa = PBXFileReference; lastKnownFileType = sourcecode.swift; path = Consult3VC.swift; sourceTree = "<group>"; };
		4808D2BB20B6DD3E00C15D24 /* Consult4VC.swift */ = {isa = PBXFileReference; lastKnownFileType = sourcecode.swift; path = Consult4VC.swift; sourceTree = "<group>"; };
		4808D2BD20B6E0F200C15D24 /* Consult5VC.swift */ = {isa = PBXFileReference; lastKnownFileType = sourcecode.swift; path = Consult5VC.swift; sourceTree = "<group>"; };
		4808D2BF20B7B99600C15D24 /* CasesVC.swift */ = {isa = PBXFileReference; lastKnownFileType = sourcecode.swift; path = CasesVC.swift; sourceTree = "<group>"; };
		4808D2C120B7D30100C15D24 /* secondcustomcell.swift */ = {isa = PBXFileReference; lastKnownFileType = sourcecode.swift; path = secondcustomcell.swift; sourceTree = "<group>"; };
		4808D2C320B7FBB200C15D24 /* AnswerVC.swift */ = {isa = PBXFileReference; lastKnownFileType = sourcecode.swift; path = AnswerVC.swift; sourceTree = "<group>"; };
		4810554120955AEA00967B36 /* QuestionVC.swift */ = {isa = PBXFileReference; lastKnownFileType = sourcecode.swift; path = QuestionVC.swift; sourceTree = "<group>"; };
		481055432096B0B300967B36 /* ActualVC.swift */ = {isa = PBXFileReference; lastKnownFileType = sourcecode.swift; path = ActualVC.swift; sourceTree = "<group>"; };
		4829C51B2071D3CD007C29E6 /* Xevo.app */ = {isa = PBXFileReference; explicitFileType = wrapper.application; includeInIndex = 0; path = Xevo.app; sourceTree = BUILT_PRODUCTS_DIR; };
		4829C51E2071D3CD007C29E6 /* AppDelegate.swift */ = {isa = PBXFileReference; lastKnownFileType = sourcecode.swift; path = AppDelegate.swift; sourceTree = "<group>"; };
		4829C5202071D3CD007C29E6 /* SignInVC.swift */ = {isa = PBXFileReference; lastKnownFileType = sourcecode.swift; path = SignInVC.swift; sourceTree = "<group>"; };
		4829C5232071D3CD007C29E6 /* Base */ = {isa = PBXFileReference; lastKnownFileType = file.storyboard; name = Base; path = Base.lproj/Main.storyboard; sourceTree = "<group>"; };
		4829C5252071D3CD007C29E6 /* Assets.xcassets */ = {isa = PBXFileReference; lastKnownFileType = folder.assetcatalog; path = Assets.xcassets; sourceTree = "<group>"; };
		4829C5282071D3CD007C29E6 /* Base */ = {isa = PBXFileReference; lastKnownFileType = file.storyboard; name = Base; path = Base.lproj/LaunchScreen.storyboard; sourceTree = "<group>"; };
		4829C52A2071D3CD007C29E6 /* Info.plist */ = {isa = PBXFileReference; lastKnownFileType = text.plist.xml; path = Info.plist; sourceTree = "<group>"; };
		482C56D42075FE7400ABDB41 /* SignUpVC.swift */ = {isa = PBXFileReference; lastKnownFileType = sourcecode.swift; path = SignUpVC.swift; sourceTree = "<group>"; };
		482E82E720C7582E00F1FD4A /* LtemVC.swift */ = {isa = PBXFileReference; lastKnownFileType = sourcecode.swift; path = LtemVC.swift; sourceTree = "<group>"; };
		484A3ABB209B4E1000818752 /* CatVC.swift */ = {isa = PBXFileReference; lastKnownFileType = sourcecode.swift; path = CatVC.swift; sourceTree = "<group>"; };
		485DCBB220ABCC5200DE0DB0 /* Question.swift */ = {isa = PBXFileReference; lastKnownFileType = sourcecode.swift; path = Question.swift; sourceTree = "<group>"; };
		485DCBB420AC2F0B00DE0DB0 /* TemoVC.swift */ = {isa = PBXFileReference; lastKnownFileType = sourcecode.swift; path = TemoVC.swift; sourceTree = "<group>"; };
		485DCBB620ACE2C200DE0DB0 /* CosmosDefaultSettings.swift */ = {isa = PBXFileReference; fileEncoding = 4; lastKnownFileType = sourcecode.swift; path = CosmosDefaultSettings.swift; sourceTree = "<group>"; };
		485DCBB720ACE2C200DE0DB0 /* RightToLeft.swift */ = {isa = PBXFileReference; fileEncoding = 4; lastKnownFileType = sourcecode.swift; path = RightToLeft.swift; sourceTree = "<group>"; };
		485DCBB820ACE2C200DE0DB0 /* CosmosSettings.swift */ = {isa = PBXFileReference; fileEncoding = 4; lastKnownFileType = sourcecode.swift; path = CosmosSettings.swift; sourceTree = "<group>"; };
		485DCBB920ACE2C300DE0DB0 /* CosmosView.swift */ = {isa = PBXFileReference; fileEncoding = 4; lastKnownFileType = sourcecode.swift; path = CosmosView.swift; sourceTree = "<group>"; };
		485DCBBA20ACE2C300DE0DB0 /* CosmosSize.swift */ = {isa = PBXFileReference; fileEncoding = 4; lastKnownFileType = sourcecode.swift; path = CosmosSize.swift; sourceTree = "<group>"; };
		485DCBBB20ACE2C300DE0DB0 /* CosmosText.swift */ = {isa = PBXFileReference; fileEncoding = 4; lastKnownFileType = sourcecode.swift; path = CosmosText.swift; sourceTree = "<group>"; };
		485DCBBC20ACE2C300DE0DB0 /* Cosmos.h */ = {isa = PBXFileReference; fileEncoding = 4; lastKnownFileType = sourcecode.c.h; path = Cosmos.h; sourceTree = "<group>"; };
		485DCBBD20ACE2C400DE0DB0 /* CosmosTouch.swift */ = {isa = PBXFileReference; fileEncoding = 4; lastKnownFileType = sourcecode.swift; path = CosmosTouch.swift; sourceTree = "<group>"; };
		485DCBBE20ACE2C400DE0DB0 /* CosmosLayers.swift */ = {isa = PBXFileReference; fileEncoding = 4; lastKnownFileType = sourcecode.swift; path = CosmosLayers.swift; sourceTree = "<group>"; };
		485DCBBF20ACE2C400DE0DB0 /* CosmosAccessibility.swift */ = {isa = PBXFileReference; fileEncoding = 4; lastKnownFileType = sourcecode.swift; path = CosmosAccessibility.swift; sourceTree = "<group>"; };
		485DCBC020ACE2C500DE0DB0 /* CosmosRating.swift */ = {isa = PBXFileReference; fileEncoding = 4; lastKnownFileType = sourcecode.swift; path = CosmosRating.swift; sourceTree = "<group>"; };
		485DCBC120ACE2C500DE0DB0 /* CosmosLocalizedRating.swift */ = {isa = PBXFileReference; fileEncoding = 4; lastKnownFileType = sourcecode.swift; path = CosmosLocalizedRating.swift; sourceTree = "<group>"; };
		485DCBC220ACE2C500DE0DB0 /* StarLayer.swift */ = {isa = PBXFileReference; fileEncoding = 4; lastKnownFileType = sourcecode.swift; path = StarLayer.swift; sourceTree = "<group>"; };
		485DCBC320ACE2C500DE0DB0 /* CosmosLayerHelper.swift */ = {isa = PBXFileReference; fileEncoding = 4; lastKnownFileType = sourcecode.swift; path = CosmosLayerHelper.swift; sourceTree = "<group>"; };
		485DCBC420ACE2C600DE0DB0 /* CosmosTouchTarget.swift */ = {isa = PBXFileReference; fileEncoding = 4; lastKnownFileType = sourcecode.swift; path = CosmosTouchTarget.swift; sourceTree = "<group>"; };
		485DCBC520ACE2C600DE0DB0 /* StarFillMode.swift */ = {isa = PBXFileReference; fileEncoding = 4; lastKnownFileType = sourcecode.swift; path = StarFillMode.swift; sourceTree = "<group>"; };
		485DCBD520AED42100DE0DB0 /* ConsultVC.swift */ = {isa = PBXFileReference; lastKnownFileType = sourcecode.swift; path = ConsultVC.swift; sourceTree = "<group>"; };
		485DCBD720AEEE6F00DE0DB0 /* VemoVC.swift */ = {isa = PBXFileReference; lastKnownFileType = sourcecode.swift; path = VemoVC.swift; sourceTree = "<group>"; };
		485DCBD920AF534100DE0DB0 /* customCell.swift */ = {isa = PBXFileReference; lastKnownFileType = sourcecode.swift; path = customCell.swift; sourceTree = "<group>"; };
		485DCBDB20AF5E2900DE0DB0 /* SubcaseVC.swift */ = {isa = PBXFileReference; lastKnownFileType = sourcecode.swift; path = SubcaseVC.swift; sourceTree = "<group>"; };
		485DCBDD20AF61FB00DE0DB0 /* RatingVC.swift */ = {isa = PBXFileReference; lastKnownFileType = sourcecode.swift; path = RatingVC.swift; sourceTree = "<group>"; };
		4872450E20FCCB7F00F2F43B /* FedVC.swift */ = {isa = PBXFileReference; lastKnownFileType = sourcecode.swift; path = FedVC.swift; sourceTree = "<group>"; };
		48819C6120DD487000648FB6 /* GoogleService-Info.plist */ = {isa = PBXFileReference; fileEncoding = 4; lastKnownFileType = text.plist.xml; path = "GoogleService-Info.plist"; sourceTree = "<group>"; };
		48819C6420E8E9AC00648FB6 /* FinalVC.swift */ = {isa = PBXFileReference; lastKnownFileType = sourcecode.swift; path = FinalVC.swift; sourceTree = "<group>"; };
		4885E71520D2136500BD243A /* PoverVC.swift */ = {isa = PBXFileReference; lastKnownFileType = sourcecode.swift; path = PoverVC.swift; sourceTree = "<group>"; };
		489CD7ED20D18A36004BDAAB /* MtemVC.swift */ = {isa = PBXFileReference; lastKnownFileType = sourcecode.swift; path = MtemVC.swift; sourceTree = "<group>"; };
		48A8D52C20A919D100722628 /* RoundTextField.swift */ = {isa = PBXFileReference; lastKnownFileType = sourcecode.swift; path = RoundTextField.swift; sourceTree = "<group>"; };
		48A8D52E20A93BC000722628 /* TermsVC.swift */ = {isa = PBXFileReference; lastKnownFileType = sourcecode.swift; path = TermsVC.swift; sourceTree = "<group>"; };
		48EC6CF72089833F00874A96 /* FeedVC.swift */ = {isa = PBXFileReference; lastKnownFileType = sourcecode.swift; path = FeedVC.swift; sourceTree = "<group>"; };
		7D28001DC60B6137E5DEF8BE /* Pods-Xevo.debug.xcconfig */ = {isa = PBXFileReference; includeInIndex = 1; lastKnownFileType = text.xcconfig; name = "Pods-Xevo.debug.xcconfig"; path = "Pods/Target Support Files/Pods-Xevo/Pods-Xevo.debug.xcconfig"; sourceTree = "<group>"; };
		94F377391D7BE633DDBEE615 /* Pods_Xevo.framework */ = {isa = PBXFileReference; explicitFileType = wrapper.framework; includeInIndex = 0; path = Pods_Xevo.framework; sourceTree = BUILT_PRODUCTS_DIR; };
		FD6A92010EF73A31AF8543BF /* Pods-Xevo.release.xcconfig */ = {isa = PBXFileReference; includeInIndex = 1; lastKnownFileType = text.xcconfig; name = "Pods-Xevo.release.xcconfig"; path = "Pods/Target Support Files/Pods-Xevo/Pods-Xevo.release.xcconfig"; sourceTree = "<group>"; };
		FF212C3820D0A8FF000C57C5 /* QuestionViewVC.swift */ = {isa = PBXFileReference; lastKnownFileType = sourcecode.swift; path = QuestionViewVC.swift; sourceTree = "<group>"; };
		FF756AA420C6EA8B00E093EC /* RatingCompleteVC.swift */ = {isa = PBXFileReference; lastKnownFileType = sourcecode.swift; path = RatingCompleteVC.swift; sourceTree = "<group>"; };
		FFB7EE7120CEC76100F86DFB /* ConsultCasesVC.swift */ = {isa = PBXFileReference; lastKnownFileType = sourcecode.swift; path = ConsultCasesVC.swift; sourceTree = "<group>"; };
		FFB7EE7320CEF33F00F86DFB /* thirdcustomcell.swift */ = {isa = PBXFileReference; lastKnownFileType = sourcecode.swift; path = thirdcustomcell.swift; sourceTree = "<group>"; };
/* End PBXFileReference section */

/* Begin PBXFrameworksBuildPhase section */
		4829C5182071D3CD007C29E6 /* Frameworks */ = {
			isa = PBXFrameworksBuildPhase;
			buildActionMask = 2147483647;
			files = (
				56CBAC7048965D09557297A7 /* Pods_Xevo.framework in Frameworks */,
			);
			runOnlyForDeploymentPostprocessing = 0;
		};
/* End PBXFrameworksBuildPhase section */

/* Begin PBXGroup section */
		480888702071DD9A0084587B /* Controller */ = {
			isa = PBXGroup;
			children = (
				4829C5202071D3CD007C29E6 /* SignInVC.swift */,
				482C56D42075FE7400ABDB41 /* SignUpVC.swift */,
				48EC6CF72089833F00874A96 /* FeedVC.swift */,
				4810554120955AEA00967B36 /* QuestionVC.swift */,
				481055432096B0B300967B36 /* ActualVC.swift */,
				484A3ABB209B4E1000818752 /* CatVC.swift */,
				48A8D52E20A93BC000722628 /* TermsVC.swift */,
				48021CA420AAD2380005B15A /* ConsultantVC.swift */,
				485DCBB420AC2F0B00DE0DB0 /* TemoVC.swift */,
				485DCBD520AED42100DE0DB0 /* ConsultVC.swift */,
				485DCBD720AEEE6F00DE0DB0 /* VemoVC.swift */,
				485DCBD920AF534100DE0DB0 /* customCell.swift */,
				485DCBDB20AF5E2900DE0DB0 /* SubcaseVC.swift */,
				485DCBDD20AF61FB00DE0DB0 /* RatingVC.swift */,
				4808D2B720B6D45C00C15D24 /* Consult2VC.swift */,
				4808D2B920B6DD0700C15D24 /* Consult3VC.swift */,
				4808D2BB20B6DD3E00C15D24 /* Consult4VC.swift */,
				4808D2BD20B6E0F200C15D24 /* Consult5VC.swift */,
				4808D2BF20B7B99600C15D24 /* CasesVC.swift */,
				4808D2C120B7D30100C15D24 /* secondcustomcell.swift */,
				4808D2C320B7FBB200C15D24 /* AnswerVC.swift */,
				FF756AA420C6EA8B00E093EC /* RatingCompleteVC.swift */,
				482E82E720C7582E00F1FD4A /* LtemVC.swift */,
				FFB7EE7120CEC76100F86DFB /* ConsultCasesVC.swift */,
				FFB7EE7320CEF33F00F86DFB /* thirdcustomcell.swift */,
				FF212C3820D0A8FF000C57C5 /* QuestionViewVC.swift */,
				489CD7ED20D18A36004BDAAB /* MtemVC.swift */,
				4885E71520D2136500BD243A /* PoverVC.swift */,
				48819C6420E8E9AC00648FB6 /* FinalVC.swift */,
				4872450E20FCCB7F00F2F43B /* FedVC.swift */,
			);
			path = Controller;
			sourceTree = "<group>";
		};
		480888722072F3740084587B /* Model */ = {
			isa = PBXGroup;
			children = (
				485DCBB220ABCC5200DE0DB0 /* Question.swift */,
			);
			path = Model;
			sourceTree = "<group>";
		};
		480888732072F3790084587B /* View */ = {
			isa = PBXGroup;
			children = (
				48A8D52C20A919D100722628 /* RoundTextField.swift */,
				48021CA620AAE0D10005B15A /* RoundView.swift */,
				485DCBBC20ACE2C300DE0DB0 /* Cosmos.h */,
				485DCBBF20ACE2C400DE0DB0 /* CosmosAccessibility.swift */,
				485DCBB620ACE2C200DE0DB0 /* CosmosDefaultSettings.swift */,
				485DCBC320ACE2C500DE0DB0 /* CosmosLayerHelper.swift */,
				485DCBBE20ACE2C400DE0DB0 /* CosmosLayers.swift */,
				485DCBC120ACE2C500DE0DB0 /* CosmosLocalizedRating.swift */,
				485DCBC020ACE2C500DE0DB0 /* CosmosRating.swift */,
				485DCBB820ACE2C200DE0DB0 /* CosmosSettings.swift */,
				485DCBBA20ACE2C300DE0DB0 /* CosmosSize.swift */,
				485DCBBB20ACE2C300DE0DB0 /* CosmosText.swift */,
				485DCBBD20ACE2C400DE0DB0 /* CosmosTouch.swift */,
				485DCBC420ACE2C600DE0DB0 /* CosmosTouchTarget.swift */,
				485DCBB920ACE2C300DE0DB0 /* CosmosView.swift */,
				485DCBB720ACE2C200DE0DB0 /* RightToLeft.swift */,
				485DCBC520ACE2C600DE0DB0 /* StarFillMode.swift */,
				485DCBC220ACE2C500DE0DB0 /* StarLayer.swift */,
			);
			path = View;
			sourceTree = "<group>";
		};
		4829C5122071D3CD007C29E6 = {
			isa = PBXGroup;
			children = (
				4829C51D2071D3CD007C29E6 /* Xevo */,
				4829C51C2071D3CD007C29E6 /* Products */,
				A5C69F951923A29C6A39AF32 /* Pods */,
				FF9354AF94B6462EB714D7D4 /* Frameworks */,
			);
			sourceTree = "<group>";
		};
		4829C51C2071D3CD007C29E6 /* Products */ = {
			isa = PBXGroup;
			children = (
				4829C51B2071D3CD007C29E6 /* Xevo.app */,
			);
			name = Products;
			sourceTree = "<group>";
		};
		4829C51D2071D3CD007C29E6 /* Xevo */ = {
			isa = PBXGroup;
			children = (
				480888722072F3740084587B /* Model */,
				480888732072F3790084587B /* View */,
				480888702071DD9A0084587B /* Controller */,
				4829C51E2071D3CD007C29E6 /* AppDelegate.swift */,
				4829C5222071D3CD007C29E6 /* Main.storyboard */,
				4829C5252071D3CD007C29E6 /* Assets.xcassets */,
				4829C5272071D3CD007C29E6 /* LaunchScreen.storyboard */,
				4829C52A2071D3CD007C29E6 /* Info.plist */,
				48819C6120DD487000648FB6 /* GoogleService-Info.plist */,
			);
			path = Xevo;
			sourceTree = "<group>";
		};
		A5C69F951923A29C6A39AF32 /* Pods */ = {
			isa = PBXGroup;
			children = (
				7D28001DC60B6137E5DEF8BE /* Pods-Xevo.debug.xcconfig */,
				FD6A92010EF73A31AF8543BF /* Pods-Xevo.release.xcconfig */,
			);
			name = Pods;
			sourceTree = "<group>";
		};
		FF9354AF94B6462EB714D7D4 /* Frameworks */ = {
			isa = PBXGroup;
			children = (
				94F377391D7BE633DDBEE615 /* Pods_Xevo.framework */,
			);
			name = Frameworks;
			sourceTree = "<group>";
		};
/* End PBXGroup section */

/* Begin PBXNativeTarget section */
		4829C51A2071D3CD007C29E6 /* Xevo */ = {
			isa = PBXNativeTarget;
			buildConfigurationList = 4829C52D2071D3CD007C29E6 /* Build configuration list for PBXNativeTarget "Xevo" */;
			buildPhases = (
				AA3B44308BF117E719E3FCB5 /* [CP] Check Pods Manifest.lock */,
				4829C5172071D3CD007C29E6 /* Sources */,
				4829C5182071D3CD007C29E6 /* Frameworks */,
				4829C5192071D3CD007C29E6 /* Resources */,
				E37EB7777B43D73776912E3A /* [CP] Embed Pods Frameworks */,
				4D98CE6F78040A91F60216DA /* [CP] Copy Pods Resources */,
			);
			buildRules = (
			);
			dependencies = (
			);
			name = Xevo;
			productName = Xevo;
			productReference = 4829C51B2071D3CD007C29E6 /* Xevo.app */;
			productType = "com.apple.product-type.application";
		};
/* End PBXNativeTarget section */

/* Begin PBXProject section */
		4829C5132071D3CD007C29E6 /* Project object */ = {
			isa = PBXProject;
			attributes = {
				LastSwiftUpdateCheck = 0920;
				LastUpgradeCheck = 0920;
				ORGANIZATIONNAME = "aditya saxena";
				TargetAttributes = {
					4829C51A2071D3CD007C29E6 = {
						CreatedOnToolsVersion = 9.2;
						ProvisioningStyle = Automatic;
						SystemCapabilities = {
							com.apple.Keychain = {
								enabled = 0;
							};
						};
					};
				};
			};
			buildConfigurationList = 4829C5162071D3CD007C29E6 /* Build configuration list for PBXProject "Xevo" */;
			compatibilityVersion = "Xcode 8.0";
			developmentRegion = en;
			hasScannedForEncodings = 0;
			knownRegions = (
				en,
				Base,
			);
			mainGroup = 4829C5122071D3CD007C29E6;
			productRefGroup = 4829C51C2071D3CD007C29E6 /* Products */;
			projectDirPath = "";
			projectRoot = "";
			targets = (
				4829C51A2071D3CD007C29E6 /* Xevo */,
			);
		};
/* End PBXProject section */

/* Begin PBXResourcesBuildPhase section */
		4829C5192071D3CD007C29E6 /* Resources */ = {
			isa = PBXResourcesBuildPhase;
			buildActionMask = 2147483647;
			files = (
				4829C5292071D3CD007C29E6 /* LaunchScreen.storyboard in Resources */,
				48819C6220DD487100648FB6 /* GoogleService-Info.plist in Resources */,
				4829C5262071D3CD007C29E6 /* Assets.xcassets in Resources */,
				4829C5242071D3CD007C29E6 /* Main.storyboard in Resources */,
			);
			runOnlyForDeploymentPostprocessing = 0;
		};
/* End PBXResourcesBuildPhase section */

/* Begin PBXShellScriptBuildPhase section */
		4D98CE6F78040A91F60216DA /* [CP] Copy Pods Resources */ = {
			isa = PBXShellScriptBuildPhase;
			buildActionMask = 2147483647;
			files = (
			);
			inputPaths = (
			);
			name = "[CP] Copy Pods Resources";
			outputPaths = (
			);
			runOnlyForDeploymentPostprocessing = 0;
			shellPath = /bin/sh;
			shellScript = "\"${SRCROOT}/Pods/Target Support Files/Pods-Xevo/Pods-Xevo-resources.sh\"\n";
			showEnvVarsInLog = 0;
		};
		AA3B44308BF117E719E3FCB5 /* [CP] Check Pods Manifest.lock */ = {
			isa = PBXShellScriptBuildPhase;
			buildActionMask = 2147483647;
			files = (
			);
			inputPaths = (
				"${PODS_PODFILE_DIR_PATH}/Podfile.lock",
				"${PODS_ROOT}/Manifest.lock",
			);
			name = "[CP] Check Pods Manifest.lock";
			outputPaths = (
				"$(DERIVED_FILE_DIR)/Pods-Xevo-checkManifestLockResult.txt",
			);
			runOnlyForDeploymentPostprocessing = 0;
			shellPath = /bin/sh;
			shellScript = "diff \"${PODS_PODFILE_DIR_PATH}/Podfile.lock\" \"${PODS_ROOT}/Manifest.lock\" > /dev/null\nif [ $? != 0 ] ; then\n    # print error to STDERR\n    echo \"error: The sandbox is not in sync with the Podfile.lock. Run 'pod install' or update your CocoaPods installation.\" >&2\n    exit 1\nfi\n# This output is used by Xcode 'outputs' to avoid re-running this script phase.\necho \"SUCCESS\" > \"${SCRIPT_OUTPUT_FILE_0}\"\n";
			showEnvVarsInLog = 0;
		};
		E37EB7777B43D73776912E3A /* [CP] Embed Pods Frameworks */ = {
			isa = PBXShellScriptBuildPhase;
			buildActionMask = 2147483647;
			files = (
			);
			inputPaths = (
				"${SRCROOT}/Pods/Target Support Files/Pods-Xevo/Pods-Xevo-frameworks.sh",
				"${BUILT_PRODUCTS_DIR}/Bolts/Bolts.framework",
				"${BUILT_PRODUCTS_DIR}/FBSDKCoreKit/FBSDKCoreKit.framework",
				"${BUILT_PRODUCTS_DIR}/FBSDKLoginKit/FBSDKLoginKit.framework",
				"${BUILT_PRODUCTS_DIR}/FacebookCore/FacebookCore.framework",
				"${BUILT_PRODUCTS_DIR}/FacebookLogin/FacebookLogin.framework",
				"${BUILT_PRODUCTS_DIR}/GTMSessionFetcher/GTMSessionFetcher.framework",
				"${BUILT_PRODUCTS_DIR}/GoogleToolboxForMac/GoogleToolboxForMac.framework",
				"${BUILT_PRODUCTS_DIR}/SearchTextField/SearchTextField.framework",
				"${BUILT_PRODUCTS_DIR}/SideMenu/SideMenu.framework",
				"${BUILT_PRODUCTS_DIR}/SwiftKeychainWrapper/SwiftKeychainWrapper.framework",
				"${BUILT_PRODUCTS_DIR}/leveldb-library/leveldb.framework",
				"${BUILT_PRODUCTS_DIR}/nanopb/nanopb.framework",
			);
			name = "[CP] Embed Pods Frameworks";
			outputPaths = (
				"${TARGET_BUILD_DIR}/${FRAMEWORKS_FOLDER_PATH}/Bolts.framework",
				"${TARGET_BUILD_DIR}/${FRAMEWORKS_FOLDER_PATH}/FBSDKCoreKit.framework",
				"${TARGET_BUILD_DIR}/${FRAMEWORKS_FOLDER_PATH}/FBSDKLoginKit.framework",
				"${TARGET_BUILD_DIR}/${FRAMEWORKS_FOLDER_PATH}/FacebookCore.framework",
				"${TARGET_BUILD_DIR}/${FRAMEWORKS_FOLDER_PATH}/FacebookLogin.framework",
				"${TARGET_BUILD_DIR}/${FRAMEWORKS_FOLDER_PATH}/GTMSessionFetcher.framework",
				"${TARGET_BUILD_DIR}/${FRAMEWORKS_FOLDER_PATH}/GoogleToolboxForMac.framework",
				"${TARGET_BUILD_DIR}/${FRAMEWORKS_FOLDER_PATH}/SearchTextField.framework",
				"${TARGET_BUILD_DIR}/${FRAMEWORKS_FOLDER_PATH}/SideMenu.framework",
				"${TARGET_BUILD_DIR}/${FRAMEWORKS_FOLDER_PATH}/SwiftKeychainWrapper.framework",
				"${TARGET_BUILD_DIR}/${FRAMEWORKS_FOLDER_PATH}/leveldb.framework",
				"${TARGET_BUILD_DIR}/${FRAMEWORKS_FOLDER_PATH}/nanopb.framework",
			);
			runOnlyForDeploymentPostprocessing = 0;
			shellPath = /bin/sh;
			shellScript = "\"${SRCROOT}/Pods/Target Support Files/Pods-Xevo/Pods-Xevo-frameworks.sh\"\n";
			showEnvVarsInLog = 0;
		};
/* End PBXShellScriptBuildPhase section */

/* Begin PBXSourcesBuildPhase section */
		4829C5172071D3CD007C29E6 /* Sources */ = {
			isa = PBXSourcesBuildPhase;
			buildActionMask = 2147483647;
			files = (
				48A8D52D20A919D100722628 /* RoundTextField.swift in Sources */,
				48021CA720AAE0D10005B15A /* RoundView.swift in Sources */,
				FFB7EE7220CEC76100F86DFB /* ConsultCasesVC.swift in Sources */,
				4808D2C420B7FBB200C15D24 /* AnswerVC.swift in Sources */,
				485DCBDA20AF534100DE0DB0 /* customCell.swift in Sources */,
				485DCBCF20ACE2C600DE0DB0 /* CosmosRating.swift in Sources */,
				4808D2BC20B6DD3E00C15D24 /* Consult4VC.swift in Sources */,
				FFB7EE7420CEF33F00F86DFB /* thirdcustomcell.swift in Sources */,
				485DCBDE20AF61FB00DE0DB0 /* RatingVC.swift in Sources */,
				485DCBC920ACE2C600DE0DB0 /* CosmosView.swift in Sources */,
				485DCBD120ACE2C600DE0DB0 /* StarLayer.swift in Sources */,
				48819C6520E8E9AC00648FB6 /* FinalVC.swift in Sources */,
				485DCBCC20ACE2C600DE0DB0 /* CosmosTouch.swift in Sources */,
				48EC6CF82089833F00874A96 /* FeedVC.swift in Sources */,
				4829C5212071D3CD007C29E6 /* SignInVC.swift in Sources */,
				485DCBDC20AF5E2900DE0DB0 /* SubcaseVC.swift in Sources */,
				485DCBD320ACE2C700DE0DB0 /* CosmosTouchTarget.swift in Sources */,
				4885E71620D2136500BD243A /* PoverVC.swift in Sources */,
				485DCBC820ACE2C600DE0DB0 /* CosmosSettings.swift in Sources */,
				4872450F20FCCB7F00F2F43B /* FedVC.swift in Sources */,
				481055442096B0B300967B36 /* ActualVC.swift in Sources */,
				FF212C3920D0A8FF000C57C5 /* QuestionViewVC.swift in Sources */,
				4808D2BA20B6DD0700C15D24 /* Consult3VC.swift in Sources */,
				485DCBCB20ACE2C600DE0DB0 /* CosmosText.swift in Sources */,
				484A3ABC209B4E1000818752 /* CatVC.swift in Sources */,
				4808D2C220B7D30100C15D24 /* secondcustomcell.swift in Sources */,
				4808D2BE20B6E0F200C15D24 /* Consult5VC.swift in Sources */,
				485DCBD820AEEE6F00DE0DB0 /* VemoVC.swift in Sources */,
				FF756AA520C6EA8B00E093EC /* RatingCompleteVC.swift in Sources */,
				4808D2C020B7B99600C15D24 /* CasesVC.swift in Sources */,
				4808D2B820B6D45C00C15D24 /* Consult2VC.swift in Sources */,
				485DCBCA20ACE2C600DE0DB0 /* CosmosSize.swift in Sources */,
				489CD7EE20D18A36004BDAAB /* MtemVC.swift in Sources */,
				48021CA520AAD2380005B15A /* ConsultantVC.swift in Sources */,
				485DCBCD20ACE2C600DE0DB0 /* CosmosLayers.swift in Sources */,
				482E82E820C7582E00F1FD4A /* LtemVC.swift in Sources */,
				48A8D52F20A93BC000722628 /* TermsVC.swift in Sources */,
				482C56D52075FE7400ABDB41 /* SignUpVC.swift in Sources */,
				485DCBB320ABCC5200DE0DB0 /* Question.swift in Sources */,
				485DCBC620ACE2C600DE0DB0 /* CosmosDefaultSettings.swift in Sources */,
				485DCBD220ACE2C700DE0DB0 /* CosmosLayerHelper.swift in Sources */,
				485DCBB520AC2F0B00DE0DB0 /* TemoVC.swift in Sources */,
				4810554220955AEA00967B36 /* QuestionVC.swift in Sources */,
				485DCBD620AED42100DE0DB0 /* ConsultVC.swift in Sources */,
				4829C51F2071D3CD007C29E6 /* AppDelegate.swift in Sources */,
				485DCBCE20ACE2C600DE0DB0 /* CosmosAccessibility.swift in Sources */,
				485DCBD020ACE2C600DE0DB0 /* CosmosLocalizedRating.swift in Sources */,
				485DCBC720ACE2C600DE0DB0 /* RightToLeft.swift in Sources */,
				485DCBD420ACE2C700DE0DB0 /* StarFillMode.swift in Sources */,
			);
			runOnlyForDeploymentPostprocessing = 0;
		};
/* End PBXSourcesBuildPhase section */

/* Begin PBXVariantGroup section */
		4829C5222071D3CD007C29E6 /* Main.storyboard */ = {
			isa = PBXVariantGroup;
			children = (
				4829C5232071D3CD007C29E6 /* Base */,
			);
			name = Main.storyboard;
			sourceTree = "<group>";
		};
		4829C5272071D3CD007C29E6 /* LaunchScreen.storyboard */ = {
			isa = PBXVariantGroup;
			children = (
				4829C5282071D3CD007C29E6 /* Base */,
			);
			name = LaunchScreen.storyboard;
			sourceTree = "<group>";
		};
/* End PBXVariantGroup section */

/* Begin XCBuildConfiguration section */
		4829C52B2071D3CD007C29E6 /* Debug */ = {
			isa = XCBuildConfiguration;
			buildSettings = {
				ALWAYS_SEARCH_USER_PATHS = NO;
				CLANG_ANALYZER_NONNULL = YES;
				CLANG_ANALYZER_NUMBER_OBJECT_CONVERSION = YES_AGGRESSIVE;
				CLANG_CXX_LANGUAGE_STANDARD = "gnu++14";
				CLANG_CXX_LIBRARY = "libc++";
				CLANG_ENABLE_MODULES = YES;
				CLANG_ENABLE_OBJC_ARC = YES;
				CLANG_WARN_BLOCK_CAPTURE_AUTORELEASING = YES;
				CLANG_WARN_BOOL_CONVERSION = YES;
				CLANG_WARN_COMMA = YES;
				CLANG_WARN_CONSTANT_CONVERSION = YES;
				CLANG_WARN_DIRECT_OBJC_ISA_USAGE = YES_ERROR;
				CLANG_WARN_DOCUMENTATION_COMMENTS = YES;
				CLANG_WARN_EMPTY_BODY = YES;
				CLANG_WARN_ENUM_CONVERSION = YES;
				CLANG_WARN_INFINITE_RECURSION = YES;
				CLANG_WARN_INT_CONVERSION = YES;
				CLANG_WARN_NON_LITERAL_NULL_CONVERSION = YES;
				CLANG_WARN_OBJC_LITERAL_CONVERSION = YES;
				CLANG_WARN_OBJC_ROOT_CLASS = YES_ERROR;
				CLANG_WARN_RANGE_LOOP_ANALYSIS = YES;
				CLANG_WARN_STRICT_PROTOTYPES = YES;
				CLANG_WARN_SUSPICIOUS_MOVE = YES;
				CLANG_WARN_UNGUARDED_AVAILABILITY = YES_AGGRESSIVE;
				CLANG_WARN_UNREACHABLE_CODE = YES;
				CLANG_WARN__DUPLICATE_METHOD_MATCH = YES;
				CODE_SIGN_IDENTITY = "iPhone Developer";
				CODE_SIGN_STYLE = Automatic;
				COPY_PHASE_STRIP = NO;
				DEBUG_INFORMATION_FORMAT = dwarf;
				DEVELOPMENT_TEAM = GC9H5GHQAE;
				ENABLE_STRICT_OBJC_MSGSEND = YES;
				ENABLE_TESTABILITY = YES;
				GCC_C_LANGUAGE_STANDARD = gnu11;
				GCC_DYNAMIC_NO_PIC = NO;
				GCC_NO_COMMON_BLOCKS = YES;
				GCC_OPTIMIZATION_LEVEL = 0;
				GCC_PREPROCESSOR_DEFINITIONS = (
					"DEBUG=1",
					"$(inherited)",
				);
				GCC_WARN_64_TO_32_BIT_CONVERSION = YES;
				GCC_WARN_ABOUT_RETURN_TYPE = YES_ERROR;
				GCC_WARN_UNDECLARED_SELECTOR = YES;
				GCC_WARN_UNINITIALIZED_AUTOS = YES_AGGRESSIVE;
				GCC_WARN_UNUSED_FUNCTION = YES;
				GCC_WARN_UNUSED_VARIABLE = YES;
				IPHONEOS_DEPLOYMENT_TARGET = 11.2;
				MTL_ENABLE_DEBUG_INFO = YES;
				ONLY_ACTIVE_ARCH = YES;
				SDKROOT = iphoneos;
				SWIFT_ACTIVE_COMPILATION_CONDITIONS = DEBUG;
				SWIFT_OPTIMIZATION_LEVEL = "-Onone";
			};
			name = Debug;
		};
		4829C52C2071D3CD007C29E6 /* Release */ = {
			isa = XCBuildConfiguration;
			buildSettings = {
				ALWAYS_SEARCH_USER_PATHS = NO;
				CLANG_ANALYZER_NONNULL = YES;
				CLANG_ANALYZER_NUMBER_OBJECT_CONVERSION = YES_AGGRESSIVE;
				CLANG_CXX_LANGUAGE_STANDARD = "gnu++14";
				CLANG_CXX_LIBRARY = "libc++";
				CLANG_ENABLE_MODULES = YES;
				CLANG_ENABLE_OBJC_ARC = YES;
				CLANG_WARN_BLOCK_CAPTURE_AUTORELEASING = YES;
				CLANG_WARN_BOOL_CONVERSION = YES;
				CLANG_WARN_COMMA = YES;
				CLANG_WARN_CONSTANT_CONVERSION = YES;
				CLANG_WARN_DIRECT_OBJC_ISA_USAGE = YES_ERROR;
				CLANG_WARN_DOCUMENTATION_COMMENTS = YES;
				CLANG_WARN_EMPTY_BODY = YES;
				CLANG_WARN_ENUM_CONVERSION = YES;
				CLANG_WARN_INFINITE_RECURSION = YES;
				CLANG_WARN_INT_CONVERSION = YES;
				CLANG_WARN_NON_LITERAL_NULL_CONVERSION = YES;
				CLANG_WARN_OBJC_LITERAL_CONVERSION = YES;
				CLANG_WARN_OBJC_ROOT_CLASS = YES_ERROR;
				CLANG_WARN_RANGE_LOOP_ANALYSIS = YES;
				CLANG_WARN_STRICT_PROTOTYPES = YES;
				CLANG_WARN_SUSPICIOUS_MOVE = YES;
				CLANG_WARN_UNGUARDED_AVAILABILITY = YES_AGGRESSIVE;
				CLANG_WARN_UNREACHABLE_CODE = YES;
				CLANG_WARN__DUPLICATE_METHOD_MATCH = YES;
				CODE_SIGN_IDENTITY = "iPhone Developer";
				CODE_SIGN_STYLE = Automatic;
				COPY_PHASE_STRIP = NO;
				DEBUG_INFORMATION_FORMAT = "dwarf-with-dsym";
				DEVELOPMENT_TEAM = GC9H5GHQAE;
				ENABLE_NS_ASSERTIONS = NO;
				ENABLE_STRICT_OBJC_MSGSEND = YES;
				GCC_C_LANGUAGE_STANDARD = gnu11;
				GCC_NO_COMMON_BLOCKS = YES;
				GCC_WARN_64_TO_32_BIT_CONVERSION = YES;
				GCC_WARN_ABOUT_RETURN_TYPE = YES_ERROR;
				GCC_WARN_UNDECLARED_SELECTOR = YES;
				GCC_WARN_UNINITIALIZED_AUTOS = YES_AGGRESSIVE;
				GCC_WARN_UNUSED_FUNCTION = YES;
				GCC_WARN_UNUSED_VARIABLE = YES;
				IPHONEOS_DEPLOYMENT_TARGET = 11.2;
				MTL_ENABLE_DEBUG_INFO = NO;
				SDKROOT = iphoneos;
				SWIFT_OPTIMIZATION_LEVEL = "-Owholemodule";
				VALIDATE_PRODUCT = YES;
			};
			name = Release;
		};
		4829C52E2071D3CD007C29E6 /* Debug */ = {
			isa = XCBuildConfiguration;
			baseConfigurationReference = 7D28001DC60B6137E5DEF8BE /* Pods-Xevo.debug.xcconfig */;
			buildSettings = {
				ASSETCATALOG_COMPILER_APPICON_NAME = AppIcon;
				"CODE_SIGN_IDENTITY[sdk=iphoneos*]" = "iPhone Developer";
				CODE_SIGN_STYLE = Automatic;
				DEVELOPMENT_TEAM = GC9H5GHQAE;
				INFOPLIST_FILE = Xevo/Info.plist;
				LD_RUNPATH_SEARCH_PATHS = "$(inherited) @executable_path/Frameworks";
				PRODUCT_BUNDLE_IDENTIFIER = com.xevokdlskdlsknjkjsdncjksdncscnsjcnsdcnfjnednjd.cjdkldklksak;
				PRODUCT_NAME = "$(TARGET_NAME)";
				PROVISIONING_PROFILE_SPECIFIER = "";
				SWIFT_VERSION = 4.0;
				TARGETED_DEVICE_FAMILY = "1,2";
			};
			name = Debug;
		};
		4829C52F2071D3CD007C29E6 /* Release */ = {
			isa = XCBuildConfiguration;
			baseConfigurationReference = FD6A92010EF73A31AF8543BF /* Pods-Xevo.release.xcconfig */;
			buildSettings = {
				ASSETCATALOG_COMPILER_APPICON_NAME = AppIcon;
				"CODE_SIGN_IDENTITY[sdk=iphoneos*]" = "iPhone Developer";
				CODE_SIGN_STYLE = Automatic;
				DEVELOPMENT_TEAM = GC9H5GHQAE;
				INFOPLIST_FILE = Xevo/Info.plist;
				LD_RUNPATH_SEARCH_PATHS = "$(inherited) @executable_path/Frameworks";
				PRODUCT_BUNDLE_IDENTIFIER = com.xevokdlskdlsknjkjsdncjksdncscnsjcnsdcnfjnednjd.cjdkldklksak;
				PRODUCT_NAME = "$(TARGET_NAME)";
				PROVISIONING_PROFILE_SPECIFIER = "";
				SWIFT_VERSION = 4.0;
				TARGETED_DEVICE_FAMILY = "1,2";
			};
			name = Release;
		};
/* End XCBuildConfiguration section */

/* Begin XCConfigurationList section */
		4829C5162071D3CD007C29E6 /* Build configuration list for PBXProject "Xevo" */ = {
			isa = XCConfigurationList;
			buildConfigurations = (
				4829C52B2071D3CD007C29E6 /* Debug */,
				4829C52C2071D3CD007C29E6 /* Release */,
			);
			defaultConfigurationIsVisible = 0;
			defaultConfigurationName = Release;
		};
		4829C52D2071D3CD007C29E6 /* Build configuration list for PBXNativeTarget "Xevo" */ = {
			isa = XCConfigurationList;
			buildConfigurations = (
				4829C52E2071D3CD007C29E6 /* Debug */,
				4829C52F2071D3CD007C29E6 /* Release */,
			);
			defaultConfigurationIsVisible = 0;
			defaultConfigurationName = Release;
		};
/* End XCConfigurationList section */
	};
	rootObject = 4829C5132071D3CD007C29E6 /* Project object */;
}
